{
  "name": "mymanytest",
  "version": "1.0.0",
  "lockfileVersion": 1,
  "requires": true,
  "dependencies": {
    "is-number": {
      "version": "4.0.0",
      "resolved": "http://registry.npm.taobao.org/is-number/download/is-number-4.0.0.tgz",
      "integrity": "sha1-ACbjf1RU1z41bf5lZGmYZ8an8P8="
    },
    "is-odd": {
      "version": "2.0.0",
      "resolved": "http://registry.npm.taobao.org/is-odd/download/is-odd-2.0.0.tgz",
      "integrity": "sha1-dkZiRnH9fqVYzNmieVGC8pWPGyQ=",
      "requires": {
        "is-number": "4.0.0"
      }
    },
    "noly-utils": {
      "version": "1.0.0",
      "resolved": "https://registry.npmjs.org/noly-utils/-/noly-utils-1.0.0.tgz",
      "integrity": "sha512-qxutONTlRSLH41kuzfJOQtv62OovdwCCsGX8/hCvtz03UQhBj4Nc8oP5nuDZXARU5rTsKcORRXP+xK/vGRAjMg=="
    }
  }
}
